
Microsoft Visual Studio Solution File, Format Version 12.00
# Visual Studio Version 17
VisualStudioVersion = 17.7.34024.191
MinimumVisualStudioVersion = 10.0.40219.1
Project("{FAE04EC0-301F-11D3-BF4B-00C04F79EFBC}") = "ASP.Net_KW_Project", "ASP.Net_KW_Project.csproj", "{66D01897-33E7-47B7-95A7-109EAEDB435F}"
EndProject
Global
	GlobalSection(SolutionConfigurationPlatforms) = preSolution
		Debug|Any CPU = Debug|Any CPU
		Release|Any CPU = Release|Any CPU
	EndGlobalSection
	GlobalSection(ProjectConfigurationPlatforms) = postSolution
		{66D01897-33E7-47B7-95A7-109EAEDB435F}.Debug|Any CPU.ActiveCfg = Debug|Any CPU
		{66D01897-33E7-47B7-95A7-109EAEDB435F}.Debug|Any CPU.Build.0 = Debug|Any CPU
		{66D01897-33E7-47B7-95A7-109EAEDB435F}.Release|Any CPU.ActiveCfg = Release|Any CPU
		{66D01897-33E7-47B7-95A7-109EAEDB435F}.Release|Any CPU.Build.0 = Release|Any CPU
	EndGlobalSection
	GlobalSection(SolutionProperties) = preSolution
		HideSolutionNode = FALSE
	EndGlobalSection
	GlobalSection(ExtensibilityGlobals) = postSolution
		SolutionGuid = {D5636548-DF9C-4921-A2C6-013EE9D7E56D}
	EndGlobalSection
EndGlobal
